{
    "version": "0.5",
    "requires": [
        "benchmark/1.9.5#b885dc73ad67b40a55d45684d1c88ad1%1774363287.434"
    ],
    "build_requires": [
        "pkgconf/2.1.0#21f96520faf7660b99f872e956d2ac13%1755505630.82",
        "ninja/1.13.2#c8c5dc2a52ed6e4e42a66d75b4717ceb%1764096931.974",
        "meson/1.10.1#426d7d29e3e5f7285cb8398d84546734%1772032339.966",
        "cmake/4.3.0#b939a42e98f593fb34d3a8c5cc860359%1773780142.26"
    ],
    "python_requires": [],
    "config_requires": []
}
